// !$*UTF8*$!
{
	archiveVersion = 1;
	classes = {
	};
	objectVersion = 46;
	objects = {

/* Begin PBXBuildFile section */
		B01641DE1A3D58C5009FF643 /* main.c in Sources */ = {isa = PBXBuildFile; fileRef = B01641DD1A3D58C5009FF643 /* main.c */; };
		B01641E71A3D5AB9009FF643 /* Adressbuch.c in Sources */ = {isa = PBXBuildFile; fileRef = B01641E51A3D5AB9009FF643 /* Adressbuch.c */; };
/* End PBXBuildFile section */

/* Begin PBXCopyFilesBuildPhase section */
		B01641D81A3D58C5009FF643 /* CopyFiles */ = {
			isa = PBXCopyFilesBuildPhase;
			buildActionMask = 2147483647;
			dstPath = /usr/share/man/man1/;
			dstSubfolderSpec = 0;
			files = (
			);
			runOnlyForDeploymentPostprocessing = 1;
		};
/* End PBXCopyFilesBuildPhase section */

/* Begin PBXFileReference section */
		B01641DA1A3D58C5009FF643 /* MeinAdressbuch */ = {isa = PBXFileReference; explicitFileType = "compiled.mach-o.executable"; includeInIndex = 0; path = MeinAdressbuch; sourceTree = BUILT_PRODUCTS_DIR; };
		B01641DD1A3D58C5009FF643 /* main.c */ = {isa = PBXFileReference; lastKnownFileType = sourcecode.c.c; path = main.c; sourceTree = "<group>"; };
		B01641E51A3D5AB9009FF643 /* Adressbuch.c */ = {isa = PBXFileReference; fileEncoding = 4; lastKnownFileType = sourcecode.c.c; path = Adressbuch.c; sourceTree = SOURCE_ROOT; };
		B01641E61A3D5AB9009FF643 /* Adressbuch.h */ = {isa = PBXFileReference; fileEncoding = 4; lastKnownFileType = sourcecode.c.h; path = Adressbuch.h; sourceTree = SOURCE_ROOT; };
/* End PBXFileReference section */

/* Begin PBXFrameworksBuildPhase section */
		B01641D71A3D58C5009FF643 /* Frameworks */ = {
			isa = PBXFrameworksBuildPhase;
			buildActionMask = 2147483647;
			files = (
			);
			runOnlyForDeploymentPostprocessing = 0;
		};
/* End PBXFrameworksBuildPhase section */

/* Begin PBXGroup section */
		B01641D11A3D58C5009FF643 = {
			isa = PBXGroup;
			children = (
				B01641DC1A3D58C5009FF643 /* Adressbuch */,
				B01641DB1A3D58C5009FF643 /* Products */,
			);
			sourceTree = "<group>";
		};
		B01641DB1A3D58C5009FF643 /* Products */ = {
			isa = PBXGroup;
			children = (
				B01641DA1A3D58C5009FF643 /* MeinAdressbuch */,
			);
			name = Products;
			sourceTree = "<group>";
		};
		B01641DC1A3D58C5009FF643 /* Adressbuch */ = {
			isa = PBXGroup;
			children = (
				B01641E51A3D5AB9009FF643 /* Adressbuch.c */,
				B01641E61A3D5AB9009FF643 /* Adressbuch.h */,
				B01641DD1A3D58C5009FF643 /* main.c */,
			);
			path = Adressbuch;
			sourceTree = "<group>";
		};
/* End PBXGroup section */

/* Begin PBXNativeTarget section */
		B01641D91A3D58C5009FF643 /* MeinAdressbuch */ = {
			isa = PBXNativeTarget;
			buildConfigurationList = B01641E11A3D58C5009FF643 /* Build configuration list for PBXNativeTarget "MeinAdressbuch" */;
			buildPhases = (
				B01641D61A3D58C5009FF643 /* Sources */,
				B01641D71A3D58C5009FF643 /* Frameworks */,
				B01641D81A3D58C5009FF643 /* CopyFiles */,
			);
			buildRules = (
			);
			dependencies = (
			);
			name = MeinAdressbuch;
			productName = Adressbuch;
			productReference = B01641DA1A3D58C5009FF643 /* MeinAdressbuch */;
			productType = "com.apple.product-type.tool";
		};
/* End PBXNativeTarget section */

/* Begin PBXProject section */
		B01641D21A3D58C5009FF643 /* Project object */ = {
			isa = PBXProject;
			attributes = {
				LastUpgradeCheck = 0610;
				ORGANIZATIONNAME = red;
				TargetAttributes = {
					B01641D91A3D58C5009FF643 = {
						CreatedOnToolsVersion = 6.1.1;
					};
				};
			};
			buildConfigurationList = B01641D51A3D58C5009FF643 /* Build configuration list for PBXProject "MeinAdressbuch" */;
			compatibilityVersion = "Xcode 3.2";
			developmentRegion = English;
			hasScannedForEncodings = 0;
			knownRegions = (
				en,
			);
			mainGroup = B01641D11A3D58C5009FF643;
			productRefGroup = B01641DB1A3D58C5009FF643 /* Products */;
			projectDirPath = "";
			projectRoot = "";
			targets = (
				B01641D91A3D58C5009FF643 /* MeinAdressbuch */,
			);
		};
/* End PBXProject section */

/* Begin PBXSourcesBuildPhase section */
		B01641D61A3D58C5009FF643 /* Sources */ = {
			isa = PBXSourcesBuildPhase;
			buildActionMask = 2147483647;
			files = (
				B01641DE1A3D58C5009FF643 /* main.c in Sources */,
				B01641E71A3D5AB9009FF643 /* Adressbuch.c in Sources */,
			);
			runOnlyForDeploymentPostprocessing = 0;
		};
/* End PBXSourcesBuildPhase section */

/* Begin XCBuildConfiguration section */
		B01641DF1A3D58C5009FF643 /* Debug */ = {
			isa = XCBuildConfiguration;
			buildSettings = {
				ALWAYS_SEARCH_USER_PATHS = NO;
				CLANG_CXX_LANGUAGE_STANDARD = "gnu++0x";
				CLANG_CXX_LIBRARY = "libc++";
				CLANG_ENABLE_MODULES = YES;
				CLANG_ENABLE_OBJC_ARC = YES;
				CLANG_WARN_BOOL_CONVERSION = YES;
				CLANG_WARN_CONSTANT_CONVERSION = YES;
				CLANG_WARN_DIRECT_OBJC_ISA_USAGE = YES_ERROR;
				CLANG_WARN_EMPTY_BODY = YES;
				CLANG_WARN_ENUM_CONVERSION = YES;
				CLANG_WARN_INT_CONVERSION = YES;
				CLANG_WARN_OBJC_ROOT_CLASS = YES_ERROR;
				CLANG_WARN_UNREACHABLE_CODE = YES;
				CLANG_WARN__DUPLICATE_METHOD_MATCH = YES;
				COPY_PHASE_STRIP = NO;
				ENABLE_STRICT_OBJC_MSGSEND = YES;
				GCC_C_LANGUAGE_STANDARD = gnu99;
				GCC_DYNAMIC_NO_PIC = NO;
				GCC_OPTIMIZATION_LEVEL = 0;
				GCC_PREPROCESSOR_DEFINITIONS = (
					"DEBUG=1",
					"$(inherited)",
				);
				GCC_SYMBOLS_PRIVATE_EXTERN = NO;
				GCC_WARN_64_TO_32_BIT_CONVERSION = YES;
				GCC_WARN_ABOUT_RETURN_TYPE = YES_ERROR;
				GCC_WARN_UNDECLARED_SELECTOR = YES;
				GCC_WARN_UNINITIALIZED_AUTOS = YES_AGGRESSIVE;
				GCC_WARN_UNUSED_FUNCTION = YES;
				GCC_WARN_UNUSED_VARIABLE = YES;
				MACOSX_DEPLOYMENT_TARGET = 10.10;
				MTL_ENABLE_DEBUG_INFO = YES;
				ONLY_ACTIVE_ARCH = YES;
				SDKROOT = macosx;
			};
			name = Debug;
		};
		B01641E01A3D58C5009FF643 /* Release */ = {
			isa = XCBuildConfiguration;
			buildSettings = {
				ALWAYS_SEARCH_USER_PATHS = NO;
				CLANG_CXX_LANGUAGE_STANDARD = "gnu++0x";
				CLANG_CXX_LIBRARY = "libc++";
				CLANG_ENABLE_MODULES = YES;
				CLANG_ENABLE_OBJC_ARC = YES;
				CLANG_WARN_BOOL_CONVERSION = YES;
				CLANG_WARN_CONSTANT_CONVERSION = YES;
				CLANG_WARN_DIRECT_OBJC_ISA_USAGE = YES_ERROR;
				CLANG_WARN_EMPTY_BODY = YES;
				CLANG_WARN_ENUM_CONVERSION = YES;
				CLANG_WARN_INT_CONVERSION = YES;
				CLANG_WARN_OBJC_ROOT_CLASS = YES_ERROR;
				CLANG_WARN_UNREACHABLE_CODE = YES;
				CLANG_WARN__DUPLICATE_METHOD_MATCH = YES;
				COPY_PHASE_STRIP = YES;
				DEBUG_INFORMATION_FORMAT = "dwarf-with-dsym";
				ENABLE_NS_ASSERTIONS = NO;
				ENABLE_STRICT_OBJC_MSGSEND = YES;
				GCC_C_LANGUAGE_STANDARD = gnu99;
				GCC_WARN_64_TO_32_BIT_CONVERSION = YES;
				GCC_WARN_ABOUT_RETURN_TYPE = YES_ERROR;
				GCC_WARN_UNDECLARED_SELECTOR = YES;
				GCC_WARN_UNINITIALIZED_AUTOS = YES_AGGRESSIVE;
				GCC_WARN_UNUSED_FUNCTION = YES;
				GCC_WARN_UNUSED_VARIABLE = YES;
				MACOSX_DEPLOYMENT_TARGET = 10.10;
				MTL_ENABLE_DEBUG_INFO = NO;
				SDKROOT = macosx;
			};
			name = Release;
		};
		B01641E21A3D58C5009FF643 /* Debug */ = {
			isa = XCBuildConfiguration;
			buildSettings = {
				PRODUCT_NAME = MeinAdressbuch;
			};
			name = Debug;
		};
		B01641E31A3D58C5009FF643 /* Release */ = {
			isa = XCBuildConfiguration;
			buildSettings = {
				PRODUCT_NAME = MeinAdressbuch;
			};
			name = Release;
		};
/* End XCBuildConfiguration section */

/* Begin XCConfigurationList section */
		B01641D51A3D58C5009FF643 /* Build configuration list for PBXProject "MeinAdressbuch" */ = {
			isa = XCConfigurationList;
			buildConfigurations = (
				B01641DF1A3D58C5009FF643 /* Debug */,
				B01641E01A3D58C5009FF643 /* Release */,
			);
			defaultConfigurationIsVisible = 0;
			defaultConfigurationName = Release;
		};
		B01641E11A3D58C5009FF643 /* Build configuration list for PBXNativeTarget "MeinAdressbuch" */ = {
			isa = XCConfigurationList;
			buildConfigurations = (
				B01641E21A3D58C5009FF643 /* Debug */,
				B01641E31A3D58C5009FF643 /* Release */,
			);
			defaultConfigurationIsVisible = 0;
			defaultConfigurationName = Release;
		};
/* End XCConfigurationList section */
	};
	rootObject = B01641D21A3D58C5009FF643 /* Project object */;
}
